// !$*UTF8*$!
{
	archiveVersion = 1;
	classes = {
	};
	objectVersion = 56;
	objects = {

/* Begin PBXBuildFile section */
		09171AB92A8F5B4C0097A9A5 /* AppDelegate.swift in Sources */ = {isa = PBXBuildFile; fileRef = 09171AB82A8F5B4C0097A9A5 /* AppDelegate.swift */; };
		09171ABB2A8F5B4C0097A9A5 /* SceneDelegate.swift in Sources */ = {isa = PBXBuildFile; fileRef = 09171ABA2A8F5B4C0097A9A5 /* SceneDelegate.swift */; };
		09171AC22A8F5B4E0097A9A5 /* Assets.xcassets in Resources */ = {isa = PBXBuildFile; fileRef = 09171AC12A8F5B4E0097A9A5 /* Assets.xcassets */; };
		09171AC52A8F5B4E0097A9A5 /* LaunchScreen.storyboard in Resources */ = {isa = PBXBuildFile; fileRef = 09171AC32A8F5B4E0097A9A5 /* LaunchScreen.storyboard */; };
		09171ACD2A9058800097A9A5 /* UserDataInfoViewController.swift in Sources */ = {isa = PBXBuildFile; fileRef = 09171ACC2A9058800097A9A5 /* UserDataInfoViewController.swift */; };
		09171ACF2A9058B50097A9A5 /* UserDataInfoView.swift in Sources */ = {isa = PBXBuildFile; fileRef = 09171ACE2A9058B50097A9A5 /* UserDataInfoView.swift */; };
		09171AD12A9073950097A9A5 /* UserModel.swift in Sources */ = {isa = PBXBuildFile; fileRef = 09171AD02A9073950097A9A5 /* UserModel.swift */; };
		09171AD32A907E7A0097A9A5 /* MainView.swift in Sources */ = {isa = PBXBuildFile; fileRef = 09171AD22A907E7A0097A9A5 /* MainView.swift */; };
		09171AD52A907EE20097A9A5 /* MainViewController.swift in Sources */ = {isa = PBXBuildFile; fileRef = 09171AD42A907EE20097A9A5 /* MainViewController.swift */; };
		09171AD72A9088910097A9A5 /* TabBarController.swift in Sources */ = {isa = PBXBuildFile; fileRef = 09171AD62A9088910097A9A5 /* TabBarController.swift */; };
		09171ADB2A9088F00097A9A5 /* RestaurantViewController.swift in Sources */ = {isa = PBXBuildFile; fileRef = 09171ADA2A9088F00097A9A5 /* RestaurantViewController.swift */; };
		09171ADD2A9089080097A9A5 /* HistoryViewController.swift in Sources */ = {isa = PBXBuildFile; fileRef = 09171ADC2A9089080097A9A5 /* HistoryViewController.swift */; };
		09171AE12A90BC530097A9A5 /* AllergiesCollectionViewCell.swift in Sources */ = {isa = PBXBuildFile; fileRef = 09171AE02A90BC530097A9A5 /* AllergiesCollectionViewCell.swift */; };
		0968149B2A90D8EF003D34B2 /* TableViewCell.swift in Sources */ = {isa = PBXBuildFile; fileRef = 0968149A2A90D8EF003D34B2 /* TableViewCell.swift */; };
		0968149D2A90E5A2003D34B2 /* DetailResViewController.swift in Sources */ = {isa = PBXBuildFile; fileRef = 0968149C2A90E5A2003D34B2 /* DetailResViewController.swift */; };
		0968149F2A9117D7003D34B2 /* LoginService.swift in Sources */ = {isa = PBXBuildFile; fileRef = 0968149E2A9117D7003D34B2 /* LoginService.swift */; };
		096814A12A911CFA003D34B2 /* ResService.swift in Sources */ = {isa = PBXBuildFile; fileRef = 096814A02A911CFA003D34B2 /* ResService.swift */; };
		09D5FE202A913C740082EB28 /* DetailService.swift in Sources */ = {isa = PBXBuildFile; fileRef = 09D5FE1F2A913C740082EB28 /* DetailService.swift */; };
		09D5FE222A914BD40082EB28 /* DetailMenuViewController.swift in Sources */ = {isa = PBXBuildFile; fileRef = 09D5FE212A914BD40082EB28 /* DetailMenuViewController.swift */; };
		983074D52A8F635F00A060CD /* BaseViewController.swift in Sources */ = {isa = PBXBuildFile; fileRef = 983074D42A8F635F00A060CD /* BaseViewController.swift */; };
		983074DF2A8F642B00A060CD /* NetworkManager.swift in Sources */ = {isa = PBXBuildFile; fileRef = 983074DE2A8F642B00A060CD /* NetworkManager.swift */; };
		983074E52A8F645C00A060CD /* Ingredient.swift in Sources */ = {isa = PBXBuildFile; fileRef = 983074E42A8F645C00A060CD /* Ingredient.swift */; };
		983074ED2A90517500A060CD /* UserDataAllergyViewController.swift in Sources */ = {isa = PBXBuildFile; fileRef = 983074EC2A90517500A060CD /* UserDataAllergyViewController.swift */; };
		983074F32A905CF000A060CD /* UserDataAllergyCell.swift in Sources */ = {isa = PBXBuildFile; fileRef = 983074F22A905CF000A060CD /* UserDataAllergyCell.swift */; };
		983074F52A906C0100A060CD /* UserDataCollectionViewLayout.swift in Sources */ = {isa = PBXBuildFile; fileRef = 983074F42A906C0100A060CD /* UserDataCollectionViewLayout.swift */; };
		983074F82A90834200A060CD /* UserDataDislikeViewController.swift in Sources */ = {isa = PBXBuildFile; fileRef = 983074F72A90834200A060CD /* UserDataDislikeViewController.swift */; };
		983074FA2A908EFF00A060CD /* SearchResultViewController.swift in Sources */ = {isa = PBXBuildFile; fileRef = 983074F92A908EFF00A060CD /* SearchResultViewController.swift */; };
		983074FC2A90D6BA00A060CD /* SearchResultCell.swift in Sources */ = {isa = PBXBuildFile; fileRef = 983074FB2A90D6BA00A060CD /* SearchResultCell.swift */; };
		983074FE2A90E19E00A060CD /* DisLikeResultCell.swift in Sources */ = {isa = PBXBuildFile; fileRef = 983074FD2A90E19E00A060CD /* DisLikeResultCell.swift */; };
		983075002A91415B00A060CD /* UITextField+Extension.swift in Sources */ = {isa = PBXBuildFile; fileRef = 983074FF2A91415B00A060CD /* UITextField+Extension.swift */; };
		983075022A94957800A060CD /* DynamicCollectionView.swift in Sources */ = {isa = PBXBuildFile; fileRef = 983075012A94957800A060CD /* DynamicCollectionView.swift */; };
		983075042A9A30C600A060CD /* UIColor+Extension.swift in Sources */ = {isa = PBXBuildFile; fileRef = 983075032A9A30C600A060CD /* UIColor+Extension.swift */; };
		9892EDE22AAC5CE000120CAE /* UserDataDislikeView.swift in Sources */ = {isa = PBXBuildFile; fileRef = 9892EDE12AAC5CE000120CAE /* UserDataDislikeView.swift */; };
		98FAC71F2AB1FFFF00F222F5 /* Colors.xcassets in Resources */ = {isa = PBXBuildFile; fileRef = 98FAC71E2AB1FFFF00F222F5 /* Colors.xcassets */; };
		98FAC7232AB36A3A00F222F5 /* UserDataAllergyView.swift in Sources */ = {isa = PBXBuildFile; fileRef = 98FAC7222AB36A3A00F222F5 /* UserDataAllergyView.swift */; };
		9A7A54137625587D2E798F2A /* Pods_JunctionAsia2023.framework in Frameworks */ = {isa = PBXBuildFile; fileRef = E745AEC367791908A39015FB /* Pods_JunctionAsia2023.framework */; };
/* End PBXBuildFile section */

/* Begin PBXFileReference section */
		09171AB52A8F5B4C0097A9A5 /* JunctionAsia2023.app */ = {isa = PBXFileReference; explicitFileType = wrapper.application; includeInIndex = 0; path = JunctionAsia2023.app; sourceTree = BUILT_PRODUCTS_DIR; };
		09171AB82A8F5B4C0097A9A5 /* AppDelegate.swift */ = {isa = PBXFileReference; lastKnownFileType = sourcecode.swift; path = AppDelegate.swift; sourceTree = "<group>"; };
		09171ABA2A8F5B4C0097A9A5 /* SceneDelegate.swift */ = {isa = PBXFileReference; lastKnownFileType = sourcecode.swift; path = SceneDelegate.swift; sourceTree = "<group>"; };
		09171AC12A8F5B4E0097A9A5 /* Assets.xcassets */ = {isa = PBXFileReference; lastKnownFileType = folder.assetcatalog; path = Assets.xcassets; sourceTree = "<group>"; };
		09171AC42A8F5B4E0097A9A5 /* Base */ = {isa = PBXFileReference; lastKnownFileType = file.storyboard; name = Base; path = Base.lproj/LaunchScreen.storyboard; sourceTree = "<group>"; };
		09171AC62A8F5B4E0097A9A5 /* Info.plist */ = {isa = PBXFileReference; lastKnownFileType = text.plist.xml; path = Info.plist; sourceTree = "<group>"; };
		09171ACC2A9058800097A9A5 /* UserDataInfoViewController.swift */ = {isa = PBXFileReference; lastKnownFileType = sourcecode.swift; path = UserDataInfoViewController.swift; sourceTree = "<group>"; };
		09171ACE2A9058B50097A9A5 /* UserDataInfoView.swift */ = {isa = PBXFileReference; lastKnownFileType = sourcecode.swift; path = UserDataInfoView.swift; sourceTree = "<group>"; };
		09171AD02A9073950097A9A5 /* UserModel.swift */ = {isa = PBXFileReference; lastKnownFileType = sourcecode.swift; path = UserModel.swift; sourceTree = "<group>"; };
		09171AD22A907E7A0097A9A5 /* MainView.swift */ = {isa = PBXFileReference; lastKnownFileType = sourcecode.swift; path = MainView.swift; sourceTree = "<group>"; };
		09171AD42A907EE20097A9A5 /* MainViewController.swift */ = {isa = PBXFileReference; lastKnownFileType = sourcecode.swift; path = MainViewController.swift; sourceTree = "<group>"; };
		09171AD62A9088910097A9A5 /* TabBarController.swift */ = {isa = PBXFileReference; lastKnownFileType = sourcecode.swift; path = TabBarController.swift; sourceTree = "<group>"; };
		09171ADA2A9088F00097A9A5 /* RestaurantViewController.swift */ = {isa = PBXFileReference; lastKnownFileType = sourcecode.swift; path = RestaurantViewController.swift; sourceTree = "<group>"; };
		09171ADC2A9089080097A9A5 /* HistoryViewController.swift */ = {isa = PBXFileReference; lastKnownFileType = sourcecode.swift; path = HistoryViewController.swift; sourceTree = "<group>"; };
		09171AE02A90BC530097A9A5 /* AllergiesCollectionViewCell.swift */ = {isa = PBXFileReference; lastKnownFileType = sourcecode.swift; path = AllergiesCollectionViewCell.swift; sourceTree = "<group>"; };
		0968149A2A90D8EF003D34B2 /* TableViewCell.swift */ = {isa = PBXFileReference; lastKnownFileType = sourcecode.swift; path = TableViewCell.swift; sourceTree = "<group>"; };
		0968149C2A90E5A2003D34B2 /* DetailResViewController.swift */ = {isa = PBXFileReference; lastKnownFileType = sourcecode.swift; path = DetailResViewController.swift; sourceTree = "<group>"; };
		0968149E2A9117D7003D34B2 /* LoginService.swift */ = {isa = PBXFileReference; lastKnownFileType = sourcecode.swift; path = LoginService.swift; sourceTree = "<group>"; };
		096814A02A911CFA003D34B2 /* ResService.swift */ = {isa = PBXFileReference; lastKnownFileType = sourcecode.swift; path = ResService.swift; sourceTree = "<group>"; };
		09D5FE1F2A913C740082EB28 /* DetailService.swift */ = {isa = PBXFileReference; lastKnownFileType = sourcecode.swift; path = DetailService.swift; sourceTree = "<group>"; };
		09D5FE212A914BD40082EB28 /* DetailMenuViewController.swift */ = {isa = PBXFileReference; lastKnownFileType = sourcecode.swift; path = DetailMenuViewController.swift; sourceTree = "<group>"; };
		983074D42A8F635F00A060CD /* BaseViewController.swift */ = {isa = PBXFileReference; lastKnownFileType = sourcecode.swift; path = BaseViewController.swift; sourceTree = "<group>"; };
		983074DE2A8F642B00A060CD /* NetworkManager.swift */ = {isa = PBXFileReference; lastKnownFileType = sourcecode.swift; path = NetworkManager.swift; sourceTree = "<group>"; };
		983074E42A8F645C00A060CD /* Ingredient.swift */ = {isa = PBXFileReference; lastKnownFileType = sourcecode.swift; path = Ingredient.swift; sourceTree = "<group>"; };
		983074EC2A90517500A060CD /* UserDataAllergyViewController.swift */ = {isa = PBXFileReference; lastKnownFileType = sourcecode.swift; path = UserDataAllergyViewController.swift; sourceTree = "<group>"; };
		983074F22A905CF000A060CD /* UserDataAllergyCell.swift */ = {isa = PBXFileReference; lastKnownFileType = sourcecode.swift; path = UserDataAllergyCell.swift; sourceTree = "<group>"; };
		983074F42A906C0100A060CD /* UserDataCollectionViewLayout.swift */ = {isa = PBXFileReference; lastKnownFileType = sourcecode.swift; path = UserDataCollectionViewLayout.swift; sourceTree = "<group>"; };
		983074F72A90834200A060CD /* UserDataDislikeViewController.swift */ = {isa = PBXFileReference; lastKnownFileType = sourcecode.swift; path = UserDataDislikeViewController.swift; sourceTree = "<group>"; };
		983074F92A908EFF00A060CD /* SearchResultViewController.swift */ = {isa = PBXFileReference; lastKnownFileType = sourcecode.swift; path = SearchResultViewController.swift; sourceTree = "<group>"; };
		983074FB2A90D6BA00A060CD /* SearchResultCell.swift */ = {isa = PBXFileReference; lastKnownFileType = sourcecode.swift; path = SearchResultCell.swift; sourceTree = "<group>"; };
		983074FD2A90E19E00A060CD /* DisLikeResultCell.swift */ = {isa = PBXFileReference; lastKnownFileType = sourcecode.swift; path = DisLikeResultCell.swift; sourceTree = "<group>"; };
		983074FF2A91415B00A060CD /* UITextField+Extension.swift */ = {isa = PBXFileReference; lastKnownFileType = sourcecode.swift; path = "UITextField+Extension.swift"; sourceTree = "<group>"; };
		983075012A94957800A060CD /* DynamicCollectionView.swift */ = {isa = PBXFileReference; lastKnownFileType = sourcecode.swift; path = DynamicCollectionView.swift; sourceTree = "<group>"; };
		983075032A9A30C600A060CD /* UIColor+Extension.swift */ = {isa = PBXFileReference; lastKnownFileType = sourcecode.swift; path = "UIColor+Extension.swift"; sourceTree = "<group>"; };
		9892EDE12AAC5CE000120CAE /* UserDataDislikeView.swift */ = {isa = PBXFileReference; lastKnownFileType = sourcecode.swift; path = UserDataDislikeView.swift; sourceTree = "<group>"; };
		98FAC71E2AB1FFFF00F222F5 /* Colors.xcassets */ = {isa = PBXFileReference; lastKnownFileType = folder.assetcatalog; path = Colors.xcassets; sourceTree = "<group>"; };
		98FAC7222AB36A3A00F222F5 /* UserDataAllergyView.swift */ = {isa = PBXFileReference; lastKnownFileType = sourcecode.swift; path = UserDataAllergyView.swift; sourceTree = "<group>"; };
		B09F0A3D3AEB6E8FA9C00233 /* Pods-JunctionAsia2023.release.xcconfig */ = {isa = PBXFileReference; includeInIndex = 1; lastKnownFileType = text.xcconfig; name = "Pods-JunctionAsia2023.release.xcconfig"; path = "Target Support Files/Pods-JunctionAsia2023/Pods-JunctionAsia2023.release.xcconfig"; sourceTree = "<group>"; };
		CD8EDBAD5A2BE65CD04EC36F /* Pods-JunctionAsia2023.debug.xcconfig */ = {isa = PBXFileReference; includeInIndex = 1; lastKnownFileType = text.xcconfig; name = "Pods-JunctionAsia2023.debug.xcconfig"; path = "Target Support Files/Pods-JunctionAsia2023/Pods-JunctionAsia2023.debug.xcconfig"; sourceTree = "<group>"; };
		E745AEC367791908A39015FB /* Pods_JunctionAsia2023.framework */ = {isa = PBXFileReference; explicitFileType = wrapper.framework; includeInIndex = 0; path = Pods_JunctionAsia2023.framework; sourceTree = BUILT_PRODUCTS_DIR; };
/* End PBXFileReference section */

/* Begin PBXFrameworksBuildPhase section */
		09171AB22A8F5B4C0097A9A5 /* Frameworks */ = {
			isa = PBXFrameworksBuildPhase;
			buildActionMask = 2147483647;
			files = (
				9A7A54137625587D2E798F2A /* Pods_JunctionAsia2023.framework in Frameworks */,
			);
			runOnlyForDeploymentPostprocessing = 0;
		};
/* End PBXFrameworksBuildPhase section */

/* Begin PBXGroup section */
		09171AAC2A8F5B4B0097A9A5 = {
			isa = PBXGroup;
			children = (
				09171AB72A8F5B4C0097A9A5 /* JunctionAsia2023 */,
				09171AB62A8F5B4C0097A9A5 /* Products */,
				3D6B7FBF363C20CFB9664808 /* Pods */,
				C8C5B1BD1BBE8FA69D93DC11 /* Frameworks */,
			);
			sourceTree = "<group>";
		};
		09171AB62A8F5B4C0097A9A5 /* Products */ = {
			isa = PBXGroup;
			children = (
				09171AB52A8F5B4C0097A9A5 /* JunctionAsia2023.app */,
			);
			name = Products;
			sourceTree = "<group>";
		};
		09171AB72A8F5B4C0097A9A5 /* JunctionAsia2023 */ = {
			isa = PBXGroup;
			children = (
				09171AB82A8F5B4C0097A9A5 /* AppDelegate.swift */,
				09171ABA2A8F5B4C0097A9A5 /* SceneDelegate.swift */,
				983074DD2A8F642000A060CD /* Extensions */,
				983074D92A8F63CD00A060CD /* Services */,
				983074D82A8F63C800A060CD /* Views */,
				983074D72A8F63C200A060CD /* Controllers */,
				983074D62A8F63BB00A060CD /* Models */,
				983074DA2A8F63EA00A060CD /* Helpers */,
				09171AC12A8F5B4E0097A9A5 /* Assets.xcassets */,
				98FAC71E2AB1FFFF00F222F5 /* Colors.xcassets */,
				09171AC32A8F5B4E0097A9A5 /* LaunchScreen.storyboard */,
				09171AC62A8F5B4E0097A9A5 /* Info.plist */,
			);
			path = JunctionAsia2023;
			sourceTree = "<group>";
		};
		3D6B7FBF363C20CFB9664808 /* Pods */ = {
			isa = PBXGroup;
			children = (
				CD8EDBAD5A2BE65CD04EC36F /* Pods-JunctionAsia2023.debug.xcconfig */,
				B09F0A3D3AEB6E8FA9C00233 /* Pods-JunctionAsia2023.release.xcconfig */,
			);
			path = Pods;
			sourceTree = "<group>";
		};
		983074D62A8F63BB00A060CD /* Models */ = {
			isa = PBXGroup;
			children = (
				983074E42A8F645C00A060CD /* Ingredient.swift */,
				09171AD02A9073950097A9A5 /* UserModel.swift */,
			);
			path = Models;
			sourceTree = "<group>";
		};
		983074D72A8F63C200A060CD /* Controllers */ = {
			isa = PBXGroup;
			children = (
				09D5FE212A914BD40082EB28 /* DetailMenuViewController.swift */,
				0968149C2A90E5A2003D34B2 /* DetailResViewController.swift */,
				09171ADC2A9089080097A9A5 /* HistoryViewController.swift */,
				09171AD42A907EE20097A9A5 /* MainViewController.swift */,
				09171ADA2A9088F00097A9A5 /* RestaurantViewController.swift */,
				983074F92A908EFF00A060CD /* SearchResultViewController.swift */,
				09171AD62A9088910097A9A5 /* TabBarController.swift */,
				983074EC2A90517500A060CD /* UserDataAllergyViewController.swift */,
				983074F72A90834200A060CD /* UserDataDislikeViewController.swift */,
				09171ACC2A9058800097A9A5 /* UserDataInfoViewController.swift */,
			);
			path = Controllers;
			sourceTree = "<group>";
		};
		983074D82A8F63C800A060CD /* Views */ = {
			isa = PBXGroup;
			children = (
				09171AE02A90BC530097A9A5 /* AllergiesCollectionViewCell.swift */,
				983074FD2A90E19E00A060CD /* DisLikeResultCell.swift */,
				09171AD22A907E7A0097A9A5 /* MainView.swift */,
				983074FB2A90D6BA00A060CD /* SearchResultCell.swift */,
				0968149A2A90D8EF003D34B2 /* TableViewCell.swift */,
				983074F22A905CF000A060CD /* UserDataAllergyCell.swift */,
				98FAC7222AB36A3A00F222F5 /* UserDataAllergyView.swift */,
				9892EDE12AAC5CE000120CAE /* UserDataDislikeView.swift */,
				09171ACE2A9058B50097A9A5 /* UserDataInfoView.swift */,
			);
			path = Views;
			sourceTree = "<group>";
		};
		983074D92A8F63CD00A060CD /* Services */ = {
			isa = PBXGroup;
			children = (
				09D5FE1F2A913C740082EB28 /* DetailService.swift */,
				0968149E2A9117D7003D34B2 /* LoginService.swift */,
				983074DE2A8F642B00A060CD /* NetworkManager.swift */,
				096814A02A911CFA003D34B2 /* ResService.swift */,
			);
			path = Services;
			sourceTree = "<group>";
		};
		983074DA2A8F63EA00A060CD /* Helpers */ = {
			isa = PBXGroup;
			children = (
				983075012A94957800A060CD /* DynamicCollectionView.swift */,
				983074F42A906C0100A060CD /* UserDataCollectionViewLayout.swift */,
				983074D42A8F635F00A060CD /* BaseViewController.swift */,
			);
			path = Helpers;
			sourceTree = "<group>";
		};
		983074DD2A8F642000A060CD /* Extensions */ = {
			isa = PBXGroup;
			children = (
				983075032A9A30C600A060CD /* UIColor+Extension.swift */,
				983074FF2A91415B00A060CD /* UITextField+Extension.swift */,
			);
			path = Extensions;
			sourceTree = "<group>";
		};
		C8C5B1BD1BBE8FA69D93DC11 /* Frameworks */ = {
			isa = PBXGroup;
			children = (
				E745AEC367791908A39015FB /* Pods_JunctionAsia2023.framework */,
			);
			name = Frameworks;
			sourceTree = "<group>";
		};
/* End PBXGroup section */

/* Begin PBXNativeTarget section */
		09171AB42A8F5B4C0097A9A5 /* JunctionAsia2023 */ = {
			isa = PBXNativeTarget;
			buildConfigurationList = 09171AC92A8F5B4E0097A9A5 /* Build configuration list for PBXNativeTarget "JunctionAsia2023" */;
			buildPhases = (
				FF1D2195AD1B1AB0023DA867 /* [CP] Check Pods Manifest.lock */,
				09171AB12A8F5B4C0097A9A5 /* Sources */,
				09171AB22A8F5B4C0097A9A5 /* Frameworks */,
				09171AB32A8F5B4C0097A9A5 /* Resources */,
				92ADB5BF899309E5DC830AD3 /* [CP] Embed Pods Frameworks */,
				983074F62A90739B00A060CD /* ShellScript */,
			);
			buildRules = (
			);
			dependencies = (
			);
			name = JunctionAsia2023;
			productName = JunctionAsia2023;
			productReference = 09171AB52A8F5B4C0097A9A5 /* JunctionAsia2023.app */;
			productType = "com.apple.product-type.application";
		};
/* End PBXNativeTarget section */

/* Begin PBXProject section */
		09171AAD2A8F5B4B0097A9A5 /* Project object */ = {
			isa = PBXProject;
			attributes = {
				BuildIndependentTargetsInParallel = 1;
				LastSwiftUpdateCheck = 1430;
				LastUpgradeCheck = 1430;
				TargetAttributes = {
					09171AB42A8F5B4C0097A9A5 = {
						CreatedOnToolsVersion = 14.3.1;
					};
				};
			};
			buildConfigurationList = 09171AB02A8F5B4B0097A9A5 /* Build configuration list for PBXProject "JunctionAsia2023" */;
			compatibilityVersion = "Xcode 14.0";
			developmentRegion = en;
			hasScannedForEncodings = 0;
			knownRegions = (
				en,
				Base,
			);
			mainGroup = 09171AAC2A8F5B4B0097A9A5;
			productRefGroup = 09171AB62A8F5B4C0097A9A5 /* Products */;
			projectDirPath = "";
			projectRoot = "";
			targets = (
				09171AB42A8F5B4C0097A9A5 /* JunctionAsia2023 */,
			);
		};
/* End PBXProject section */

/* Begin PBXResourcesBuildPhase section */
		09171AB32A8F5B4C0097A9A5 /* Resources */ = {
			isa = PBXResourcesBuildPhase;
			buildActionMask = 2147483647;
			files = (
				98FAC71F2AB1FFFF00F222F5 /* Colors.xcassets in Resources */,
				09171AC52A8F5B4E0097A9A5 /* LaunchScreen.storyboard in Resources */,
				09171AC22A8F5B4E0097A9A5 /* Assets.xcassets in Resources */,
			);
			runOnlyForDeploymentPostprocessing = 0;
		};
/* End PBXResourcesBuildPhase section */

/* Begin PBXShellScriptBuildPhase section */
		92ADB5BF899309E5DC830AD3 /* [CP] Embed Pods Frameworks */ = {
			isa = PBXShellScriptBuildPhase;
			buildActionMask = 2147483647;
			files = (
			);
			inputFileListPaths = (
				"${PODS_ROOT}/Target Support Files/Pods-JunctionAsia2023/Pods-JunctionAsia2023-frameworks-${CONFIGURATION}-input-files.xcfilelist",
			);
			name = "[CP] Embed Pods Frameworks";
			outputFileListPaths = (
				"${PODS_ROOT}/Target Support Files/Pods-JunctionAsia2023/Pods-JunctionAsia2023-frameworks-${CONFIGURATION}-output-files.xcfilelist",
			);
			runOnlyForDeploymentPostprocessing = 0;
			shellPath = /bin/sh;
			shellScript = "\"${PODS_ROOT}/Target Support Files/Pods-JunctionAsia2023/Pods-JunctionAsia2023-frameworks.sh\"\n";
			showEnvVarsInLog = 0;
		};
		983074F62A90739B00A060CD /* ShellScript */ = {
			isa = PBXShellScriptBuildPhase;
			alwaysOutOfDate = 1;
			buildActionMask = 2147483647;
			files = (
			);
			inputFileListPaths = (
			);
			inputPaths = (
			);
			outputFileListPaths = (
			);
			outputPaths = (
			);
			runOnlyForDeploymentPostprocessing = 0;
			shellPath = /bin/sh;
			shellScript = "TAGS=\"TODO:|FIXME:\"\nERRORTAG=\"ERROR:\"\nfind \"${SRCROOT}\" \\( -name \"*.h\" -or -name \"*.m\" -or -name \"*.swift\" \\) -print0 | xargs -0 egrep --with-filename --line-number --only-matching \"($TAGS).*\\$|($ERRORTAG).*\\$\" | perl -p -e \"s/($TAGS)/ warning: \\$1/\" | perl -p -e \"s/($ERRORTAG)/ error: \\$1/\"\n";
		};
		FF1D2195AD1B1AB0023DA867 /* [CP] Check Pods Manifest.lock */ = {
			isa = PBXShellScriptBuildPhase;
			buildActionMask = 2147483647;
			files = (
			);
			inputFileListPaths = (
			);
			inputPaths = (
				"${PODS_PODFILE_DIR_PATH}/Podfile.lock",
				"${PODS_ROOT}/Manifest.lock",
			);
			name = "[CP] Check Pods Manifest.lock";
			outputFileListPaths = (
			);
			outputPaths = (
				"$(DERIVED_FILE_DIR)/Pods-JunctionAsia2023-checkManifestLockResult.txt",
			);
			runOnlyForDeploymentPostprocessing = 0;
			shellPath = /bin/sh;
			shellScript = "diff \"${PODS_PODFILE_DIR_PATH}/Podfile.lock\" \"${PODS_ROOT}/Manifest.lock\" > /dev/null\nif [ $? != 0 ] ; then\n    # print error to STDERR\n    echo \"error: The sandbox is not in sync with the Podfile.lock. Run 'pod install' or update your CocoaPods installation.\" >&2\n    exit 1\nfi\n# This output is used by Xcode 'outputs' to avoid re-running this script phase.\necho \"SUCCESS\" > \"${SCRIPT_OUTPUT_FILE_0}\"\n";
			showEnvVarsInLog = 0;
		};
/* End PBXShellScriptBuildPhase section */

/* Begin PBXSourcesBuildPhase section */
		09171AB12A8F5B4C0097A9A5 /* Sources */ = {
			isa = PBXSourcesBuildPhase;
			buildActionMask = 2147483647;
			files = (
				09171ACD2A9058800097A9A5 /* UserDataInfoViewController.swift in Sources */,
				096814A12A911CFA003D34B2 /* ResService.swift in Sources */,
				983075022A94957800A060CD /* DynamicCollectionView.swift in Sources */,
				983075042A9A30C600A060CD /* UIColor+Extension.swift in Sources */,
				09171ADB2A9088F00097A9A5 /* RestaurantViewController.swift in Sources */,
				09171AD52A907EE20097A9A5 /* MainViewController.swift in Sources */,
				0968149B2A90D8EF003D34B2 /* TableViewCell.swift in Sources */,
				09171AD32A907E7A0097A9A5 /* MainView.swift in Sources */,
				983074E52A8F645C00A060CD /* Ingredient.swift in Sources */,
				09D5FE222A914BD40082EB28 /* DetailMenuViewController.swift in Sources */,
				0968149F2A9117D7003D34B2 /* LoginService.swift in Sources */,
				09171AE12A90BC530097A9A5 /* AllergiesCollectionViewCell.swift in Sources */,
				9892EDE22AAC5CE000120CAE /* UserDataDislikeView.swift in Sources */,
				09D5FE202A913C740082EB28 /* DetailService.swift in Sources */,
				983075002A91415B00A060CD /* UITextField+Extension.swift in Sources */,
				09171ADD2A9089080097A9A5 /* HistoryViewController.swift in Sources */,
				983074ED2A90517500A060CD /* UserDataAllergyViewController.swift in Sources */,
				983074D52A8F635F00A060CD /* BaseViewController.swift in Sources */,
				09171ACF2A9058B50097A9A5 /* UserDataInfoView.swift in Sources */,
				983074DF2A8F642B00A060CD /* NetworkManager.swift in Sources */,
				983074FE2A90E19E00A060CD /* DisLikeResultCell.swift in Sources */,
				983074FC2A90D6BA00A060CD /* SearchResultCell.swift in Sources */,
				983074FA2A908EFF00A060CD /* SearchResultViewController.swift in Sources */,
				983074F52A906C0100A060CD /* UserDataCollectionViewLayout.swift in Sources */,
				98FAC7232AB36A3A00F222F5 /* UserDataAllergyView.swift in Sources */,
				09171AB92A8F5B4C0097A9A5 /* AppDelegate.swift in Sources */,
				09171AD72A9088910097A9A5 /* TabBarController.swift in Sources */,
				0968149D2A90E5A2003D34B2 /* DetailResViewController.swift in Sources */,
				983074F32A905CF000A060CD /* UserDataAllergyCell.swift in Sources */,
				983074F82A90834200A060CD /* UserDataDislikeViewController.swift in Sources */,
				09171ABB2A8F5B4C0097A9A5 /* SceneDelegate.swift in Sources */,
				09171AD12A9073950097A9A5 /* UserModel.swift in Sources */,
			);
			runOnlyForDeploymentPostprocessing = 0;
		};
/* End PBXSourcesBuildPhase section */

/* Begin PBXVariantGroup section */
		09171AC32A8F5B4E0097A9A5 /* LaunchScreen.storyboard */ = {
			isa = PBXVariantGroup;
			children = (
				09171AC42A8F5B4E0097A9A5 /* Base */,
			);
			name = LaunchScreen.storyboard;
			sourceTree = "<group>";
		};
/* End PBXVariantGroup section */

/* Begin XCBuildConfiguration section */
		09171AC72A8F5B4E0097A9A5 /* Debug */ = {
			isa = XCBuildConfiguration;
			buildSettings = {
				ALWAYS_SEARCH_USER_PATHS = NO;
				CLANG_ANALYZER_NONNULL = YES;
				CLANG_ANALYZER_NUMBER_OBJECT_CONVERSION = YES_AGGRESSIVE;
				CLANG_CXX_LANGUAGE_STANDARD = "gnu++20";
				CLANG_ENABLE_MODULES = YES;
				CLANG_ENABLE_OBJC_ARC = YES;
				CLANG_ENABLE_OBJC_WEAK = YES;
				CLANG_WARN_BLOCK_CAPTURE_AUTORELEASING = YES;
				CLANG_WARN_BOOL_CONVERSION = YES;
				CLANG_WARN_COMMA = YES;
				CLANG_WARN_CONSTANT_CONVERSION = YES;
				CLANG_WARN_DEPRECATED_OBJC_IMPLEMENTATIONS = YES;
				CLANG_WARN_DIRECT_OBJC_ISA_USAGE = YES_ERROR;
				CLANG_WARN_DOCUMENTATION_COMMENTS = YES;
				CLANG_WARN_EMPTY_BODY = YES;
				CLANG_WARN_ENUM_CONVERSION = YES;
				CLANG_WARN_INFINITE_RECURSION = YES;
				CLANG_WARN_INT_CONVERSION = YES;
				CLANG_WARN_NON_LITERAL_NULL_CONVERSION = YES;
				CLANG_WARN_OBJC_IMPLICIT_RETAIN_SELF = YES;
				CLANG_WARN_OBJC_LITERAL_CONVERSION = YES;
				CLANG_WARN_OBJC_ROOT_CLASS = YES_ERROR;
				CLANG_WARN_QUOTED_INCLUDE_IN_FRAMEWORK_HEADER = YES;
				CLANG_WARN_RANGE_LOOP_ANALYSIS = YES;
				CLANG_WARN_STRICT_PROTOTYPES = YES;
				CLANG_WARN_SUSPICIOUS_MOVE = YES;
				CLANG_WARN_UNGUARDED_AVAILABILITY = YES_AGGRESSIVE;
				CLANG_WARN_UNREACHABLE_CODE = YES;
				CLANG_WARN__DUPLICATE_METHOD_MATCH = YES;
				COPY_PHASE_STRIP = NO;
				DEBUG_INFORMATION_FORMAT = dwarf;
				ENABLE_STRICT_OBJC_MSGSEND = YES;
				ENABLE_TESTABILITY = YES;
				GCC_C_LANGUAGE_STANDARD = gnu11;
				GCC_DYNAMIC_NO_PIC = NO;
				GCC_NO_COMMON_BLOCKS = YES;
				GCC_OPTIMIZATION_LEVEL = 0;
				GCC_PREPROCESSOR_DEFINITIONS = (
					"DEBUG=1",
					"$(inherited)",
				);
				GCC_WARN_64_TO_32_BIT_CONVERSION = YES;
				GCC_WARN_ABOUT_RETURN_TYPE = YES_ERROR;
				GCC_WARN_UNDECLARED_SELECTOR = YES;
				GCC_WARN_UNINITIALIZED_AUTOS = YES_AGGRESSIVE;
				GCC_WARN_UNUSED_FUNCTION = YES;
				GCC_WARN_UNUSED_VARIABLE = YES;
				IPHONEOS_DEPLOYMENT_TARGET = 16.4;
				MTL_ENABLE_DEBUG_INFO = INCLUDE_SOURCE;
				MTL_FAST_MATH = YES;
				ONLY_ACTIVE_ARCH = YES;
				SDKROOT = iphoneos;
				SWIFT_ACTIVE_COMPILATION_CONDITIONS = DEBUG;
				SWIFT_OPTIMIZATION_LEVEL = "-Onone";
			};
			name = Debug;
		};
		09171AC82A8F5B4E0097A9A5 /* Release */ = {
			isa = XCBuildConfiguration;
			buildSettings = {
				ALWAYS_SEARCH_USER_PATHS = NO;
				CLANG_ANALYZER_NONNULL = YES;
				CLANG_ANALYZER_NUMBER_OBJECT_CONVERSION = YES_AGGRESSIVE;
				CLANG_CXX_LANGUAGE_STANDARD = "gnu++20";
				CLANG_ENABLE_MODULES = YES;
				CLANG_ENABLE_OBJC_ARC = YES;
				CLANG_ENABLE_OBJC_WEAK = YES;
				CLANG_WARN_BLOCK_CAPTURE_AUTORELEASING = YES;
				CLANG_WARN_BOOL_CONVERSION = YES;
				CLANG_WARN_COMMA = YES;
				CLANG_WARN_CONSTANT_CONVERSION = YES;
				CLANG_WARN_DEPRECATED_OBJC_IMPLEMENTATIONS = YES;
				CLANG_WARN_DIRECT_OBJC_ISA_USAGE = YES_ERROR;
				CLANG_WARN_DOCUMENTATION_COMMENTS = YES;
				CLANG_WARN_EMPTY_BODY = YES;
				CLANG_WARN_ENUM_CONVERSION = YES;
				CLANG_WARN_INFINITE_RECURSION = YES;
				CLANG_WARN_INT_CONVERSION = YES;
				CLANG_WARN_NON_LITERAL_NULL_CONVERSION = YES;
				CLANG_WARN_OBJC_IMPLICIT_RETAIN_SELF = YES;
				CLANG_WARN_OBJC_LITERAL_CONVERSION = YES;
				CLANG_WARN_OBJC_ROOT_CLASS = YES_ERROR;
				CLANG_WARN_QUOTED_INCLUDE_IN_FRAMEWORK_HEADER = YES;
				CLANG_WARN_RANGE_LOOP_ANALYSIS = YES;
				CLANG_WARN_STRICT_PROTOTYPES = YES;
				CLANG_WARN_SUSPICIOUS_MOVE = YES;
				CLANG_WARN_UNGUARDED_AVAILABILITY = YES_AGGRESSIVE;
				CLANG_WARN_UNREACHABLE_CODE = YES;
				CLANG_WARN__DUPLICATE_METHOD_MATCH = YES;
				COPY_PHASE_STRIP = NO;
				DEBUG_INFORMATION_FORMAT = "dwarf-with-dsym";
				ENABLE_NS_ASSERTIONS = NO;
				ENABLE_STRICT_OBJC_MSGSEND = YES;
				GCC_C_LANGUAGE_STANDARD = gnu11;
				GCC_NO_COMMON_BLOCKS = YES;
				GCC_WARN_64_TO_32_BIT_CONVERSION = YES;
				GCC_WARN_ABOUT_RETURN_TYPE = YES_ERROR;
				GCC_WARN_UNDECLARED_SELECTOR = YES;
				GCC_WARN_UNINITIALIZED_AUTOS = YES_AGGRESSIVE;
				GCC_WARN_UNUSED_FUNCTION = YES;
				GCC_WARN_UNUSED_VARIABLE = YES;
				IPHONEOS_DEPLOYMENT_TARGET = 16.4;
				MTL_ENABLE_DEBUG_INFO = NO;
				MTL_FAST_MATH = YES;
				SDKROOT = iphoneos;
				SWIFT_COMPILATION_MODE = wholemodule;
				SWIFT_OPTIMIZATION_LEVEL = "-O";
				VALIDATE_PRODUCT = YES;
			};
			name = Release;
		};
		09171ACA2A8F5B4E0097A9A5 /* Debug */ = {
			isa = XCBuildConfiguration;
			baseConfigurationReference = CD8EDBAD5A2BE65CD04EC36F /* Pods-JunctionAsia2023.debug.xcconfig */;
			buildSettings = {
				ASSETCATALOG_COMPILER_APPICON_NAME = AppIcon;
				ASSETCATALOG_COMPILER_GLOBAL_ACCENT_COLOR_NAME = AccentColor;
				CODE_SIGN_STYLE = Automatic;
				CURRENT_PROJECT_VERSION = 1;
				DEVELOPMENT_TEAM = N6LML762WM;
				GENERATE_INFOPLIST_FILE = YES;
				INFOPLIST_FILE = JunctionAsia2023/Info.plist;
				INFOPLIST_KEY_UIApplicationSupportsIndirectInputEvents = YES;
				INFOPLIST_KEY_UILaunchStoryboardName = LaunchScreen;
				INFOPLIST_KEY_UISupportedInterfaceOrientations = UIInterfaceOrientationPortrait;
				INFOPLIST_KEY_UISupportedInterfaceOrientations_iPad = "UIInterfaceOrientationLandscapeLeft UIInterfaceOrientationLandscapeRight UIInterfaceOrientationPortrait UIInterfaceOrientationPortraitUpsideDown";
				LD_RUNPATH_SEARCH_PATHS = (
					"$(inherited)",
					"@executable_path/Frameworks",
				);
				MARKETING_VERSION = 1.0;
				PRODUCT_BUNDLE_IDENTIFIER = jc.JunctionAsia2023;
				PRODUCT_NAME = "$(TARGET_NAME)";
				SUPPORTED_PLATFORMS = "iphoneos iphonesimulator";
				SUPPORTS_MACCATALYST = NO;
				SUPPORTS_MAC_DESIGNED_FOR_IPHONE_IPAD = NO;
				SWIFT_EMIT_LOC_STRINGS = YES;
				SWIFT_VERSION = 5.0;
				TARGETED_DEVICE_FAMILY = 1;
			};
			name = Debug;
		};
		09171ACB2A8F5B4E0097A9A5 /* Release */ = {
			isa = XCBuildConfiguration;
			baseConfigurationReference = B09F0A3D3AEB6E8FA9C00233 /* Pods-JunctionAsia2023.release.xcconfig */;
			buildSettings = {
				ASSETCATALOG_COMPILER_APPICON_NAME = AppIcon;
				ASSETCATALOG_COMPILER_GLOBAL_ACCENT_COLOR_NAME = AccentColor;
				CODE_SIGN_STYLE = Automatic;
				CURRENT_PROJECT_VERSION = 1;
				DEVELOPMENT_TEAM = N6LML762WM;
				GENERATE_INFOPLIST_FILE = YES;
				INFOPLIST_FILE = JunctionAsia2023/Info.plist;
				INFOPLIST_KEY_UIApplicationSupportsIndirectInputEvents = YES;
				INFOPLIST_KEY_UILaunchStoryboardName = LaunchScreen;
				INFOPLIST_KEY_UISupportedInterfaceOrientations = UIInterfaceOrientationPortrait;
				INFOPLIST_KEY_UISupportedInterfaceOrientations_iPad = "UIInterfaceOrientationLandscapeLeft UIInterfaceOrientationLandscapeRight UIInterfaceOrientationPortrait UIInterfaceOrientationPortraitUpsideDown";
				LD_RUNPATH_SEARCH_PATHS = (
					"$(inherited)",
					"@executable_path/Frameworks",
				);
				MARKETING_VERSION = 1.0;
				PRODUCT_BUNDLE_IDENTIFIER = jc.JunctionAsia2023;
				PRODUCT_NAME = "$(TARGET_NAME)";
				SUPPORTED_PLATFORMS = "iphoneos iphonesimulator";
				SUPPORTS_MACCATALYST = NO;
				SUPPORTS_MAC_DESIGNED_FOR_IPHONE_IPAD = NO;
				SWIFT_EMIT_LOC_STRINGS = YES;
				SWIFT_VERSION = 5.0;
				TARGETED_DEVICE_FAMILY = 1;
			};
			name = Release;
		};
/* End XCBuildConfiguration section */

/* Begin XCConfigurationList section */
		09171AB02A8F5B4B0097A9A5 /* Build configuration list for PBXProject "JunctionAsia2023" */ = {
			isa = XCConfigurationList;
			buildConfigurations = (
				09171AC72A8F5B4E0097A9A5 /* Debug */,
				09171AC82A8F5B4E0097A9A5 /* Release */,
			);
			defaultConfigurationIsVisible = 0;
			defaultConfigurationName = Release;
		};
		09171AC92A8F5B4E0097A9A5 /* Build configuration list for PBXNativeTarget "JunctionAsia2023" */ = {
			isa = XCConfigurationList;
			buildConfigurations = (
				09171ACA2A8F5B4E0097A9A5 /* Debug */,
				09171ACB2A8F5B4E0097A9A5 /* Release */,
			);
			defaultConfigurationIsVisible = 0;
			defaultConfigurationName = Release;
		};
/* End XCConfigurationList section */
	};
	rootObject = 09171AAD2A8F5B4B0097A9A5 /* Project object */;
}
